// !$*UTF8*$!
{
	archiveVersion = 1;
	classes = {
	};
	objectVersion = 46;
	objects = {

/* Begin PBXBuildFile section */
		5DD936CC1C7DA887006932FC /* AppDelegate.swift in Sources */ = {isa = PBXBuildFile; fileRef = 5DD936CB1C7DA887006932FC /* AppDelegate.swift */; };
		5DD936CE1C7DA887006932FC /* ViewController.swift in Sources */ = {isa = PBXBuildFile; fileRef = 5DD936CD1C7DA887006932FC /* ViewController.swift */; };
		5DD936D11C7DA887006932FC /* Main.storyboard in Resources */ = {isa = PBXBuildFile; fileRef = 5DD936CF1C7DA887006932FC /* Main.storyboard */; };
		5DD936D31C7DA887006932FC /* Assets.xcassets in Resources */ = {isa = PBXBuildFile; fileRef = 5DD936D21C7DA887006932FC /* Assets.xcassets */; };
		5DD936D61C7DA887006932FC /* LaunchScreen.storyboard in Resources */ = {isa = PBXBuildFile; fileRef = 5DD936D41C7DA887006932FC /* LaunchScreen.storyboard */; };
/* End PBXBuildFile section */

/* Begin PBXFileReference section */
		5DD936C81C7DA887006932FC /* Practice_StackViewDemo.app */ = {isa = PBXFileReference; explicitFileType = wrapper.application; includeInIndex = 0; path = Practice_StackViewDemo.app; sourceTree = BUILT_PRODUCTS_DIR; };
		5DD936CB1C7DA887006932FC /* AppDelegate.swift */ = {isa = PBXFileReference; lastKnownFileType = sourcecode.swift; path = AppDelegate.swift; sourceTree = "<group>"; };
		5DD936CD1C7DA887006932FC /* ViewController.swift */ = {isa = PBXFileReference; lastKnownFileType = sourcecode.swift; path = ViewController.swift; sourceTree = "<group>"; };
		5DD936D01C7DA887006932FC /* Base */ = {isa = PBXFileReference; lastKnownFileType = file.storyboard; name = Base; path = Base.lproj/Main.storyboard; sourceTree = "<group>"; };
		5DD936D21C7DA887006932FC /* Assets.xcassets */ = {isa = PBXFileReference; lastKnownFileType = folder.assetcatalog; path = Assets.xcassets; sourceTree = "<group>"; };
		5DD936D51C7DA887006932FC /* Base */ = {isa = PBXFileReference; lastKnownFileType = file.storyboard; name = Base; path = Base.lproj/LaunchScreen.storyboard; sourceTree = "<group>"; };
		5DD936D71C7DA887006932FC /* Info.plist */ = {isa = PBXFileReference; lastKnownFileType = text.plist.xml; path = Info.plist; sourceTree = "<group>"; };
/* End PBXFileReference section */

/* Begin PBXFrameworksBuildPhase section */
		5DD936C51C7DA887006932FC /* Frameworks */ = {
			isa = PBXFrameworksBuildPhase;
			buildActionMask = 2147483647;
			files = (
			);
			runOnlyForDeploymentPostprocessing = 0;
		};
/* End PBXFrameworksBuildPhase section */

/* Begin PBXGroup section */
		5DD936BF1C7DA887006932FC = {
			isa = PBXGroup;
			children = (
				5DD936CA1C7DA887006932FC /* Practice_StackViewDemo */,
				5DD936C91C7DA887006932FC /* Products */,
			);
			sourceTree = "<group>";
		};
		5DD936C91C7DA887006932FC /* Products */ = {
			isa = PBXGroup;
			children = (
				5DD936C81C7DA887006932FC /* Practice_StackViewDemo.app */,
			);
			name = Products;
			sourceTree = "<group>";
		};
		5DD936CA1C7DA887006932FC /* Practice_StackViewDemo */ = {
			isa = PBXGroup;
			children = (
				5DD936CB1C7DA887006932FC /* AppDelegate.swift */,
				5DD936CD1C7DA887006932FC /* ViewController.swift */,
				5DD936CF1C7DA887006932FC /* Main.storyboard */,
				5DD936D21C7DA887006932FC /* Assets.xcassets */,
				5DD936D41C7DA887006932FC /* LaunchScreen.storyboard */,
				5DD936D71C7DA887006932FC /* Info.plist */,
			);
			path = Practice_StackViewDemo;
			sourceTree = "<group>";
		};
/* End PBXGroup section */

/* Begin PBXNativeTarget section */
		5DD936C71C7DA887006932FC /* Practice_StackViewDemo */ = {
			isa = PBXNativeTarget;
			buildConfigurationList = 5DD936DA1C7DA887006932FC /* Build configuration list for PBXNativeTarget "Practice_StackViewDemo" */;
			buildPhases = (
				5DD936C41C7DA887006932FC /* Sources */,
				5DD936C51C7DA887006932FC /* Frameworks */,
				5DD936C61C7DA887006932FC /* Resources */,
			);
			buildRules = (
			);
			dependencies = (
			);
			name = Practice_StackViewDemo;
			productName = Practice_StackViewDemo;
			productReference = 5DD936C81C7DA887006932FC /* Practice_StackViewDemo.app */;
			productType = "com.apple.product-type.application";
		};
/* End PBXNativeTarget section */

/* Begin PBXProject section */
		5DD936C01C7DA887006932FC /* Project object */ = {
			isa = PBXProject;
			attributes = {
				LastSwiftUpdateCheck = 0720;
				LastUpgradeCheck = 0720;
				ORGANIZATIONNAME = "LiuChih-Ling";
				TargetAttributes = {
					5DD936C71C7DA887006932FC = {
						CreatedOnToolsVersion = 7.2.1;
					};
				};
			};
			buildConfigurationList = 5DD936C31C7DA887006932FC /* Build configuration list for PBXProject "Practice_StackViewDemo" */;
			compatibilityVersion = "Xcode 3.2";
			developmentRegion = English;
			hasScannedForEncodings = 0;
			knownRegions = (
				en,
				Base,
			);
			mainGroup = 5DD936BF1C7DA887006932FC;
			productRefGroup = 5DD936C91C7DA887006932FC /* Products */;
			projectDirPath = "";
			projectRoot = "";
			targets = (
				5DD936C71C7DA887006932FC /* Practice_StackViewDemo */,
			);
		};
/* End PBXProject section */

/* Begin PBXResourcesBuildPhase section */
		5DD936C61C7DA887006932FC /* Resources */ = {
			isa = PBXResourcesBuildPhase;
			buildActionMask = 2147483647;
			files = (
				5DD936D61C7DA887006932FC /* LaunchScreen.storyboard in Resources */,
				5DD936D31C7DA887006932FC /* Assets.xcassets in Resources */,
				5DD936D11C7DA887006932FC /* Main.storyboard in Resources */,
			);
			runOnlyForDeploymentPostprocessing = 0;
		};
/* End PBXResourcesBuildPhase section */

/* Begin PBXSourcesBuildPhase section */
		5DD936C41C7DA887006932FC /* Sources */ = {
			isa = PBXSourcesBuildPhase;
			buildActionMask = 2147483647;
			files = (
				5DD936CE1C7DA887006932FC /* ViewController.swift in Sources */,
				5DD936CC1C7DA887006932FC /* AppDelegate.swift in Sources */,
			);
			runOnlyForDeploymentPostprocessing = 0;
		};
/* End PBXSourcesBuildPhase section */

/* Begin PBXVariantGroup section */
		5DD936CF1C7DA887006932FC /* Main.storyboard */ = {
			isa = PBXVariantGroup;
			children = (
				5DD936D01C7DA887006932FC /* Base */,
			);
			name = Main.storyboard;
			sourceTree = "<group>";
		};
		5DD936D41C7DA887006932FC /* LaunchScreen.storyboard */ = {
			isa = PBXVariantGroup;
			children = (
				5DD936D51C7DA887006932FC /* Base */,
			);
			name = LaunchScreen.storyboard;
			sourceTree = "<group>";
		};
/* End PBXVariantGroup section */

/* Begin XCBuildConfiguration section */
		5DD936D81C7DA887006932FC /* Debug */ = {
			isa = XCBuildConfiguration;
			buildSettings = {
				ALWAYS_SEARCH_USER_PATHS = NO;
				CLANG_CXX_LANGUAGE_STANDARD = "gnu++0x";
				CLANG_CXX_LIBRARY = "libc++";
				CLANG_ENABLE_MODULES = YES;
				CLANG_ENABLE_OBJC_ARC = YES;
				CLANG_WARN_BOOL_CONVERSION = YES;
				CLANG_WARN_CONSTANT_CONVERSION = YES;
				CLANG_WARN_DIRECT_OBJC_ISA_USAGE = YES_ERROR;
				CLANG_WARN_EMPTY_BODY = YES;
				CLANG_WARN_ENUM_CONVERSION = YES;
				CLANG_WARN_INT_CONVERSION = YES;
				CLANG_WARN_OBJC_ROOT_CLASS = YES_ERROR;
				CLANG_WARN_UNREACHABLE_CODE = YES;
				CLANG_WARN__DUPLICATE_METHOD_MATCH = YES;
				"CODE_SIGN_IDENTITY[sdk=iphoneos*]" = "iPhone Developer";
				COPY_PHASE_STRIP = NO;
				DEBUG_INFORMATION_FORMAT = dwarf;
				ENABLE_STRICT_OBJC_MSGSEND = YES;
				ENABLE_TESTABILITY = YES;
				GCC_C_LANGUAGE_STANDARD = gnu99;
				GCC_DYNAMIC_NO_PIC = NO;
				GCC_NO_COMMON_BLOCKS = YES;
				GCC_OPTIMIZATION_LEVEL = 0;
				GCC_PREPROCESSOR_DEFINITIONS = (
					"DEBUG=1",
					"$(inherited)",
				);
				GCC_WARN_64_TO_32_BIT_CONVERSION = YES;
				GCC_WARN_ABOUT_RETURN_TYPE = YES_ERROR;
				GCC_WARN_UNDECLARED_SELECTOR = YES;
				GCC_WARN_UNINITIALIZED_AUTOS = YES_AGGRESSIVE;
				GCC_WARN_UNUSED_FUNCTION = YES;
				GCC_WARN_UNUSED_VARIABLE = YES;
				IPHONEOS_DEPLOYMENT_TARGET = 9.2;
				MTL_ENABLE_DEBUG_INFO = YES;
				ONLY_ACTIVE_ARCH = YES;
				SDKROOT = iphoneos;
				SWIFT_OPTIMIZATION_LEVEL = "-Onone";
				TARGETED_DEVICE_FAMILY = "1,2";
			};
			name = Debug;
		};
		5DD936D91C7DA887006932FC /* Release */ = {
			isa = XCBuildConfiguration;
			buildSettings = {
				ALWAYS_SEARCH_USER_PATHS = NO;
				CLANG_CXX_LANGUAGE_STANDARD = "gnu++0x";
				CLANG_CXX_LIBRARY = "libc++";
				CLANG_ENABLE_MODULES = YES;
				CLANG_ENABLE_OBJC_ARC = YES;
				CLANG_WARN_BOOL_CONVERSION = YES;
				CLANG_WARN_CONSTANT_CONVERSION = YES;
				CLANG_WARN_DIRECT_OBJC_ISA_USAGE = YES_ERROR;
				CLANG_WARN_EMPTY_BODY = YES;
				CLANG_WARN_ENUM_CONVERSION = YES;
				CLANG_WARN_INT_CONVERSION = YES;
				CLANG_WARN_OBJC_ROOT_CLASS = YES_ERROR;
				CLANG_WARN_UNREACHABLE_CODE = YES;
				CLANG_WARN__DUPLICATE_METHOD_MATCH = YES;
				"CODE_SIGN_IDENTITY[sdk=iphoneos*]" = "iPhone Developer";
				COPY_PHASE_STRIP = NO;
				DEBUG_INFORMATION_FORMAT = "dwarf-with-dsym";
				ENABLE_NS_ASSERTIONS = NO;
				ENABLE_STRICT_OBJC_MSGSEND = YES;
				GCC_C_LANGUAGE_STANDARD = gnu99;
				GCC_NO_COMMON_BLOCKS = YES;
				GCC_WARN_64_TO_32_BIT_CONVERSION = YES;
				GCC_WARN_ABOUT_RETURN_TYPE = YES_ERROR;
				GCC_WARN_UNDECLARED_SELECTOR = YES;
				GCC_WARN_UNINITIALIZED_AUTOS = YES_AGGRESSIVE;
				GCC_WARN_UNUSED_FUNCTION = YES;
				GCC_WARN_UNUSED_VARIABLE = YES;
				IPHONEOS_DEPLOYMENT_TARGET = 9.2;
				MTL_ENABLE_DEBUG_INFO = NO;
				SDKROOT = iphoneos;
				TARGETED_DEVICE_FAMILY = "1,2";
				VALIDATE_PRODUCT = YES;
			};
			name = Release;
		};
		5DD936DB1C7DA887006932FC /* Debug */ = {
			isa = XCBuildConfiguration;
			buildSettings = {
				ASSETCATALOG_COMPILER_APPICON_NAME = AppIcon;
				INFOPLIST_FILE = Practice_StackViewDemo/Info.plist;
				LD_RUNPATH_SEARCH_PATHS = "$(inherited) @executable_path/Frameworks";
				PRODUCT_BUNDLE_IDENTIFIER = "LiuChih-Ling.Calculator.Practice-StackViewDemo";
				PRODUCT_NAME = "$(TARGET_NAME)";
			};
			name = Debug;
		};
		5DD936DC1C7DA887006932FC /* Release */ = {
			isa = XCBuildConfiguration;
			buildSettings = {
				ASSETCATALOG_COMPILER_APPICON_NAME = AppIcon;
				INFOPLIST_FILE = Practice_StackViewDemo/Info.plist;
				LD_RUNPATH_SEARCH_PATHS = "$(inherited) @executable_path/Frameworks";
				PRODUCT_BUNDLE_IDENTIFIER = "LiuChih-Ling.Calculator.Practice-StackViewDemo";
				PRODUCT_NAME = "$(TARGET_NAME)";
			};
			name = Release;
		};
/* End XCBuildConfiguration section */

/* Begin XCConfigurationList section */
		5DD936C31C7DA887006932FC /* Build configuration list for PBXProject "Practice_StackViewDemo" */ = {
			isa = XCConfigurationList;
			buildConfigurations = (
				5DD936D81C7DA887006932FC /* Debug */,
				5DD936D91C7DA887006932FC /* Release */,
			);
			defaultConfigurationIsVisible = 0;
			defaultConfigurationName = Release;
		};
		5DD936DA1C7DA887006932FC /* Build configuration list for PBXNativeTarget "Practice_StackViewDemo" */ = {
			isa = XCConfigurationList;
			buildConfigurations = (
				5DD936DB1C7DA887006932FC /* Debug */,
				5DD936DC1C7DA887006932FC /* Release */,
			);
			defaultConfigurationIsVisible = 0;
		};
/* End XCConfigurationList section */
	};
	rootObject = 5DD936C01C7DA887006932FC /* Project object */;
}
